PODS:
  - Alamofire (5.4.1)
  - Kingfisher (6.2.1)
  - NVActivityIndicatorView (5.1.1):
    - NVActivityIndicatorView/Base (= 5.1.1)
  - NVActivityIndicatorView/Base (5.1.1)
  - ObjectMapper (4.2.0)
  - ViperMcFlurry (1.5.2)

DEPENDENCIES:
  - Alamofire
  - Kingfisher
  - NVActivityIndicatorView
  - ObjectMapper
  - ViperMcFlurry

SPEC REPOS:
  trunk:
    - Alamofire
    - Kingfisher
    - NVActivityIndicatorView
    - ObjectMapper
    - ViperMcFlurry

SPEC CHECKSUMS:
  Alamofire: 2291f7d21ca607c491dd17642e5d40fdcda0e65c
  Kingfisher: e71c6fac2aebb1262888cabc2cb13d313362a48f
  NVActivityIndicatorView: 1f6c5687f1171810aa27a3296814dc2d7dec3667
  ObjectMapper: 1eb41f610210777375fa806bf161dc39fb832b81
  ViperMcFlurry: 701bc3ad8d188b1f1e157ec0ddf4e77184de88b5

PODFILE CHECKSUM: b213622aca150de20c4725fafaad55eb96a29a27

COCOAPODS: 1.10.1
